// !$*UTF8*$!
{
	archiveVersion = 1;
	classes = {
	};
	objectVersion = 56;
	objects = {

/* Begin PBXBuildFile section */
		7748D6BA2A5BD8A800ACEFBB /* SUIContactListApp.swift in Sources */ = {isa = PBXBuildFile; fileRef = 7748D6B92A5BD8A800ACEFBB /* SUIContactListApp.swift */; };
		7748D6BC2A5BD8A800ACEFBB /* ContentView.swift in Sources */ = {isa = PBXBuildFile; fileRef = 7748D6BB2A5BD8A800ACEFBB /* ContentView.swift */; };
		7748D6BE2A5BD8A900ACEFBB /* Assets.xcassets in Resources */ = {isa = PBXBuildFile; fileRef = 7748D6BD2A5BD8A900ACEFBB /* Assets.xcassets */; };
		7748D6C12A5BD8A900ACEFBB /* Preview Assets.xcassets in Resources */ = {isa = PBXBuildFile; fileRef = 7748D6C02A5BD8A900ACEFBB /* Preview Assets.xcassets */; };
		7748D6C82A5BD98200ACEFBB /* DataStore.swift in Sources */ = {isa = PBXBuildFile; fileRef = 7748D6C72A5BD98200ACEFBB /* DataStore.swift */; };
		7748D6CC2A5BDC0700ACEFBB /* Person.swift in Sources */ = {isa = PBXBuildFile; fileRef = 7748D6CB2A5BDC0700ACEFBB /* Person.swift */; };
		7748D6CE2A5BDE3E00ACEFBB /* ContactListView.swift in Sources */ = {isa = PBXBuildFile; fileRef = 7748D6CD2A5BDE3E00ACEFBB /* ContactListView.swift */; };
		7748D6D02A5BDFB900ACEFBB /* PersonView.swift in Sources */ = {isa = PBXBuildFile; fileRef = 7748D6CF2A5BDFB900ACEFBB /* PersonView.swift */; };
/* End PBXBuildFile section */

/* Begin PBXFileReference section */
		7748D6B62A5BD8A800ACEFBB /* SUIContactList.app */ = {isa = PBXFileReference; explicitFileType = wrapper.application; includeInIndex = 0; path = SUIContactList.app; sourceTree = BUILT_PRODUCTS_DIR; };
		7748D6B92A5BD8A800ACEFBB /* SUIContactListApp.swift */ = {isa = PBXFileReference; lastKnownFileType = sourcecode.swift; path = SUIContactListApp.swift; sourceTree = "<group>"; };
		7748D6BB2A5BD8A800ACEFBB /* ContentView.swift */ = {isa = PBXFileReference; lastKnownFileType = sourcecode.swift; path = ContentView.swift; sourceTree = "<group>"; };
		7748D6BD2A5BD8A900ACEFBB /* Assets.xcassets */ = {isa = PBXFileReference; lastKnownFileType = folder.assetcatalog; path = Assets.xcassets; sourceTree = "<group>"; };
		7748D6C02A5BD8A900ACEFBB /* Preview Assets.xcassets */ = {isa = PBXFileReference; lastKnownFileType = folder.assetcatalog; path = "Preview Assets.xcassets"; sourceTree = "<group>"; };
		7748D6C72A5BD98200ACEFBB /* DataStore.swift */ = {isa = PBXFileReference; lastKnownFileType = sourcecode.swift; path = DataStore.swift; sourceTree = "<group>"; };
		7748D6CB2A5BDC0700ACEFBB /* Person.swift */ = {isa = PBXFileReference; lastKnownFileType = sourcecode.swift; path = Person.swift; sourceTree = "<group>"; };
		7748D6CD2A5BDE3E00ACEFBB /* ContactListView.swift */ = {isa = PBXFileReference; lastKnownFileType = sourcecode.swift; path = ContactListView.swift; sourceTree = "<group>"; };
		7748D6CF2A5BDFB900ACEFBB /* PersonView.swift */ = {isa = PBXFileReference; lastKnownFileType = sourcecode.swift; path = PersonView.swift; sourceTree = "<group>"; };
/* End PBXFileReference section */

/* Begin PBXFrameworksBuildPhase section */
		7748D6B32A5BD8A800ACEFBB /* Frameworks */ = {
			isa = PBXFrameworksBuildPhase;
			buildActionMask = 2147483647;
			files = (
			);
			runOnlyForDeploymentPostprocessing = 0;
		};
/* End PBXFrameworksBuildPhase section */

/* Begin PBXGroup section */
		7748D6AD2A5BD8A800ACEFBB = {
			isa = PBXGroup;
			children = (
				7748D6CA2A5BDBF200ACEFBB /* Model */,
				7748D6C92A5BDB5900ACEFBB /* Services */,
				7748D6B82A5BD8A800ACEFBB /* SUIContactList */,
				7748D6B72A5BD8A800ACEFBB /* Products */,
			);
			sourceTree = "<group>";
		};
		7748D6B72A5BD8A800ACEFBB /* Products */ = {
			isa = PBXGroup;
			children = (
				7748D6B62A5BD8A800ACEFBB /* SUIContactList.app */,
			);
			name = Products;
			sourceTree = "<group>";
		};
		7748D6B82A5BD8A800ACEFBB /* SUIContactList */ = {
			isa = PBXGroup;
			children = (
				7748D6B92A5BD8A800ACEFBB /* SUIContactListApp.swift */,
				7748D6BB2A5BD8A800ACEFBB /* ContentView.swift */,
				7748D6CD2A5BDE3E00ACEFBB /* ContactListView.swift */,
				7748D6CF2A5BDFB900ACEFBB /* PersonView.swift */,
				7748D6BD2A5BD8A900ACEFBB /* Assets.xcassets */,
				7748D6BF2A5BD8A900ACEFBB /* Preview Content */,
			);
			path = SUIContactList;
			sourceTree = "<group>";
		};
		7748D6BF2A5BD8A900ACEFBB /* Preview Content */ = {
			isa = PBXGroup;
			children = (
				7748D6C02A5BD8A900ACEFBB /* Preview Assets.xcassets */,
			);
			path = "Preview Content";
			sourceTree = "<group>";
		};
		7748D6C92A5BDB5900ACEFBB /* Services */ = {
			isa = PBXGroup;
			children = (
				7748D6C72A5BD98200ACEFBB /* DataStore.swift */,
			);
			path = Services;
			sourceTree = "<group>";
		};
		7748D6CA2A5BDBF200ACEFBB /* Model */ = {
			isa = PBXGroup;
			children = (
				7748D6CB2A5BDC0700ACEFBB /* Person.swift */,
			);
			path = Model;
			sourceTree = "<group>";
		};
/* End PBXGroup section */

/* Begin PBXNativeTarget section */
		7748D6B52A5BD8A800ACEFBB /* SUIContactList */ = {
			isa = PBXNativeTarget;
			buildConfigurationList = 7748D6C42A5BD8A900ACEFBB /* Build configuration list for PBXNativeTarget "SUIContactList" */;
			buildPhases = (
				7748D6B22A5BD8A800ACEFBB /* Sources */,
				7748D6B32A5BD8A800ACEFBB /* Frameworks */,
				7748D6B42A5BD8A800ACEFBB /* Resources */,
			);
			buildRules = (
			);
			dependencies = (
			);
			name = SUIContactList;
			productName = SUIContactList;
			productReference = 7748D6B62A5BD8A800ACEFBB /* SUIContactList.app */;
			productType = "com.apple.product-type.application";
		};
/* End PBXNativeTarget section */

/* Begin PBXProject section */
		7748D6AE2A5BD8A800ACEFBB /* Project object */ = {
			isa = PBXProject;
			attributes = {
				BuildIndependentTargetsInParallel = 1;
				LastSwiftUpdateCheck = 1430;
				LastUpgradeCheck = 1430;
				TargetAttributes = {
					7748D6B52A5BD8A800ACEFBB = {
						CreatedOnToolsVersion = 14.3.1;
					};
				};
			};
			buildConfigurationList = 7748D6B12A5BD8A800ACEFBB /* Build configuration list for PBXProject "SUIContactList" */;
			compatibilityVersion = "Xcode 14.0";
			developmentRegion = en;
			hasScannedForEncodings = 0;
			knownRegions = (
				en,
				Base,
			);
			mainGroup = 7748D6AD2A5BD8A800ACEFBB;
			productRefGroup = 7748D6B72A5BD8A800ACEFBB /* Products */;
			projectDirPath = "";
			projectRoot = "";
			targets = (
				7748D6B52A5BD8A800ACEFBB /* SUIContactList */,
			);
		};
/* End PBXProject section */

/* Begin PBXResourcesBuildPhase section */
		7748D6B42A5BD8A800ACEFBB /* Resources */ = {
			isa = PBXResourcesBuildPhase;
			buildActionMask = 2147483647;
			files = (
				7748D6C12A5BD8A900ACEFBB /* Preview Assets.xcassets in Resources */,
				7748D6BE2A5BD8A900ACEFBB /* Assets.xcassets in Resources */,
			);
			runOnlyForDeploymentPostprocessing = 0;
		};
/* End PBXResourcesBuildPhase section */

/* Begin PBXSourcesBuildPhase section */
		7748D6B22A5BD8A800ACEFBB /* Sources */ = {
			isa = PBXSourcesBuildPhase;
			buildActionMask = 2147483647;
			files = (
				7748D6CE2A5BDE3E00ACEFBB /* ContactListView.swift in Sources */,
				7748D6BC2A5BD8A800ACEFBB /* ContentView.swift in Sources */,
				7748D6C82A5BD98200ACEFBB /* DataStore.swift in Sources */,
				7748D6D02A5BDFB900ACEFBB /* PersonView.swift in Sources */,
				7748D6CC2A5BDC0700ACEFBB /* Person.swift in Sources */,
				7748D6BA2A5BD8A800ACEFBB /* SUIContactListApp.swift in Sources */,
			);
			runOnlyForDeploymentPostprocessing = 0;
		};
/* End PBXSourcesBuildPhase section */

/* Begin XCBuildConfiguration section */
		7748D6C22A5BD8A900ACEFBB /* Debug */ = {
			isa = XCBuildConfiguration;
			buildSettings = {
				ALWAYS_SEARCH_USER_PATHS = NO;
				CLANG_ANALYZER_NONNULL = YES;
				CLANG_ANALYZER_NUMBER_OBJECT_CONVERSION = YES_AGGRESSIVE;
				CLANG_CXX_LANGUAGE_STANDARD = "gnu++20";
				CLANG_ENABLE_MODULES = YES;
				CLANG_ENABLE_OBJC_ARC = YES;
				CLANG_ENABLE_OBJC_WEAK = YES;
				CLANG_WARN_BLOCK_CAPTURE_AUTORELEASING = YES;
				CLANG_WARN_BOOL_CONVERSION = YES;
				CLANG_WARN_COMMA = YES;
				CLANG_WARN_CONSTANT_CONVERSION = YES;
				CLANG_WARN_DEPRECATED_OBJC_IMPLEMENTATIONS = YES;
				CLANG_WARN_DIRECT_OBJC_ISA_USAGE = YES_ERROR;
				CLANG_WARN_DOCUMENTATION_COMMENTS = YES;
				CLANG_WARN_EMPTY_BODY = YES;
				CLANG_WARN_ENUM_CONVERSION = YES;
				CLANG_WARN_INFINITE_RECURSION = YES;
				CLANG_WARN_INT_CONVERSION = YES;
				CLANG_WARN_NON_LITERAL_NULL_CONVERSION = YES;
				CLANG_WARN_OBJC_IMPLICIT_RETAIN_SELF = YES;
				CLANG_WARN_OBJC_LITERAL_CONVERSION = YES;
				CLANG_WARN_OBJC_ROOT_CLASS = YES_ERROR;
				CLANG_WARN_QUOTED_INCLUDE_IN_FRAMEWORK_HEADER = YES;
				CLANG_WARN_RANGE_LOOP_ANALYSIS = YES;
				CLANG_WARN_STRICT_PROTOTYPES = YES;
				CLANG_WARN_SUSPICIOUS_MOVE = YES;
				CLANG_WARN_UNGUARDED_AVAILABILITY = YES_AGGRESSIVE;
				CLANG_WARN_UNREACHABLE_CODE = YES;
				CLANG_WARN__DUPLICATE_METHOD_MATCH = YES;
				COPY_PHASE_STRIP = NO;
				DEBUG_INFORMATION_FORMAT = dwarf;
				ENABLE_STRICT_OBJC_MSGSEND = YES;
				ENABLE_TESTABILITY = YES;
				GCC_C_LANGUAGE_STANDARD = gnu11;
				GCC_DYNAMIC_NO_PIC = NO;
				GCC_NO_COMMON_BLOCKS = YES;
				GCC_OPTIMIZATION_LEVEL = 0;
				GCC_PREPROCESSOR_DEFINITIONS = (
					"DEBUG=1",
					"$(inherited)",
				);
				GCC_WARN_64_TO_32_BIT_CONVERSION = YES;
				GCC_WARN_ABOUT_RETURN_TYPE = YES_ERROR;
				GCC_WARN_UNDECLARED_SELECTOR = YES;
				GCC_WARN_UNINITIALIZED_AUTOS = YES_AGGRESSIVE;
				GCC_WARN_UNUSED_FUNCTION = YES;
				GCC_WARN_UNUSED_VARIABLE = YES;
				IPHONEOS_DEPLOYMENT_TARGET = 16.4;
				MTL_ENABLE_DEBUG_INFO = INCLUDE_SOURCE;
				MTL_FAST_MATH = YES;
				ONLY_ACTIVE_ARCH = YES;
				SDKROOT = iphoneos;
				SWIFT_ACTIVE_COMPILATION_CONDITIONS = DEBUG;
				SWIFT_OPTIMIZATION_LEVEL = "-Onone";
			};
			name = Debug;
		};
		7748D6C32A5BD8A900ACEFBB /* Release */ = {
			isa = XCBuildConfiguration;
			buildSettings = {
				ALWAYS_SEARCH_USER_PATHS = NO;
				CLANG_ANALYZER_NONNULL = YES;
				CLANG_ANALYZER_NUMBER_OBJECT_CONVERSION = YES_AGGRESSIVE;
				CLANG_CXX_LANGUAGE_STANDARD = "gnu++20";
				CLANG_ENABLE_MODULES = YES;
				CLANG_ENABLE_OBJC_ARC = YES;
				CLANG_ENABLE_OBJC_WEAK = YES;
				CLANG_WARN_BLOCK_CAPTURE_AUTORELEASING = YES;
				CLANG_WARN_BOOL_CONVERSION = YES;
				CLANG_WARN_COMMA = YES;
				CLANG_WARN_CONSTANT_CONVERSION = YES;
				CLANG_WARN_DEPRECATED_OBJC_IMPLEMENTATIONS = YES;
				CLANG_WARN_DIRECT_OBJC_ISA_USAGE = YES_ERROR;
				CLANG_WARN_DOCUMENTATION_COMMENTS = YES;
				CLANG_WARN_EMPTY_BODY = YES;
				CLANG_WARN_ENUM_CONVERSION = YES;
				CLANG_WARN_INFINITE_RECURSION = YES;
				CLANG_WARN_INT_CONVERSION = YES;
				CLANG_WARN_NON_LITERAL_NULL_CONVERSION = YES;
				CLANG_WARN_OBJC_IMPLICIT_RETAIN_SELF = YES;
				CLANG_WARN_OBJC_LITERAL_CONVERSION = YES;
				CLANG_WARN_OBJC_ROOT_CLASS = YES_ERROR;
				CLANG_WARN_QUOTED_INCLUDE_IN_FRAMEWORK_HEADER = YES;
				CLANG_WARN_RANGE_LOOP_ANALYSIS = YES;
				CLANG_WARN_STRICT_PROTOTYPES = YES;
				CLANG_WARN_SUSPICIOUS_MOVE = YES;
				CLANG_WARN_UNGUARDED_AVAILABILITY = YES_AGGRESSIVE;
				CLANG_WARN_UNREACHABLE_CODE = YES;
				CLANG_WARN__DUPLICATE_METHOD_MATCH = YES;
				COPY_PHASE_STRIP = NO;
				DEBUG_INFORMATION_FORMAT = "dwarf-with-dsym";
				ENABLE_NS_ASSERTIONS = NO;
				ENABLE_STRICT_OBJC_MSGSEND = YES;
				GCC_C_LANGUAGE_STANDARD = gnu11;
				GCC_NO_COMMON_BLOCKS = YES;
				GCC_WARN_64_TO_32_BIT_CONVERSION = YES;
				GCC_WARN_ABOUT_RETURN_TYPE = YES_ERROR;
				GCC_WARN_UNDECLARED_SELECTOR = YES;
				GCC_WARN_UNINITIALIZED_AUTOS = YES_AGGRESSIVE;
				GCC_WARN_UNUSED_FUNCTION = YES;
				GCC_WARN_UNUSED_VARIABLE = YES;
				IPHONEOS_DEPLOYMENT_TARGET = 16.4;
				MTL_ENABLE_DEBUG_INFO = NO;
				MTL_FAST_MATH = YES;
				SDKROOT = iphoneos;
				SWIFT_COMPILATION_MODE = wholemodule;
				SWIFT_OPTIMIZATION_LEVEL = "-O";
				VALIDATE_PRODUCT = YES;
			};
			name = Release;
		};
		7748D6C52A5BD8A900ACEFBB /* Debug */ = {
			isa = XCBuildConfiguration;
			buildSettings = {
				ASSETCATALOG_COMPILER_APPICON_NAME = AppIcon;
				ASSETCATALOG_COMPILER_GLOBAL_ACCENT_COLOR_NAME = AccentColor;
				CODE_SIGN_STYLE = Automatic;
				CURRENT_PROJECT_VERSION = 1;
				DEVELOPMENT_ASSET_PATHS = "\"SUIContactList/Preview Content\"";
				DEVELOPMENT_TEAM = LBNC46BWQQ;
				ENABLE_PREVIEWS = YES;
				GENERATE_INFOPLIST_FILE = YES;
				INFOPLIST_KEY_UIApplicationSceneManifest_Generation = YES;
				INFOPLIST_KEY_UIApplicationSupportsIndirectInputEvents = YES;
				INFOPLIST_KEY_UILaunchScreen_Generation = YES;
				INFOPLIST_KEY_UISupportedInterfaceOrientations = UIInterfaceOrientationPortrait;
				INFOPLIST_KEY_UISupportedInterfaceOrientations_iPad = "UIInterfaceOrientationLandscapeLeft UIInterfaceOrientationLandscapeRight UIInterfaceOrientationPortrait UIInterfaceOrientationPortraitUpsideDown";
				LD_RUNPATH_SEARCH_PATHS = (
					"$(inherited)",
					"@executable_path/Frameworks",
				);
				MARKETING_VERSION = 1.0;
				PRODUCT_BUNDLE_IDENTIFIER = com.SergeiBakhmatov.SUIContactList;
				PRODUCT_NAME = "$(TARGET_NAME)";
				SUPPORTED_PLATFORMS = "iphoneos iphonesimulator";
				SUPPORTS_MACCATALYST = NO;
				SUPPORTS_MAC_DESIGNED_FOR_IPHONE_IPAD = NO;
				SWIFT_EMIT_LOC_STRINGS = YES;
				SWIFT_VERSION = 5.0;
				TARGETED_DEVICE_FAMILY = 1;
			};
			name = Debug;
		};
		7748D6C62A5BD8A900ACEFBB /* Release */ = {
			isa = XCBuildConfiguration;
			buildSettings = {
				ASSETCATALOG_COMPILER_APPICON_NAME = AppIcon;
				ASSETCATALOG_COMPILER_GLOBAL_ACCENT_COLOR_NAME = AccentColor;
				CODE_SIGN_STYLE = Automatic;
				CURRENT_PROJECT_VERSION = 1;
				DEVELOPMENT_ASSET_PATHS = "\"SUIContactList/Preview Content\"";
				DEVELOPMENT_TEAM = LBNC46BWQQ;
				ENABLE_PREVIEWS = YES;
				GENERATE_INFOPLIST_FILE = YES;
				INFOPLIST_KEY_UIApplicationSceneManifest_Generation = YES;
				INFOPLIST_KEY_UIApplicationSupportsIndirectInputEvents = YES;
				INFOPLIST_KEY_UILaunchScreen_Generation = YES;
				INFOPLIST_KEY_UISupportedInterfaceOrientations = UIInterfaceOrientationPortrait;
				INFOPLIST_KEY_UISupportedInterfaceOrientations_iPad = "UIInterfaceOrientationLandscapeLeft UIInterfaceOrientationLandscapeRight UIInterfaceOrientationPortrait UIInterfaceOrientationPortraitUpsideDown";
				LD_RUNPATH_SEARCH_PATHS = (
					"$(inherited)",
					"@executable_path/Frameworks",
				);
				MARKETING_VERSION = 1.0;
				PRODUCT_BUNDLE_IDENTIFIER = com.SergeiBakhmatov.SUIContactList;
				PRODUCT_NAME = "$(TARGET_NAME)";
				SUPPORTED_PLATFORMS = "iphoneos iphonesimulator";
				SUPPORTS_MACCATALYST = NO;
				SUPPORTS_MAC_DESIGNED_FOR_IPHONE_IPAD = NO;
				SWIFT_EMIT_LOC_STRINGS = YES;
				SWIFT_VERSION = 5.0;
				TARGETED_DEVICE_FAMILY = 1;
			};
			name = Release;
		};
/* End XCBuildConfiguration section */

/* Begin XCConfigurationList section */
		7748D6B12A5BD8A800ACEFBB /* Build configuration list for PBXProject "SUIContactList" */ = {
			isa = XCConfigurationList;
			buildConfigurations = (
				7748D6C22A5BD8A900ACEFBB /* Debug */,
				7748D6C32A5BD8A900ACEFBB /* Release */,
			);
			defaultConfigurationIsVisible = 0;
			defaultConfigurationName = Release;
		};
		7748D6C42A5BD8A900ACEFBB /* Build configuration list for PBXNativeTarget "SUIContactList" */ = {
			isa = XCConfigurationList;
			buildConfigurations = (
				7748D6C52A5BD8A900ACEFBB /* Debug */,
				7748D6C62A5BD8A900ACEFBB /* Release */,
			);
			defaultConfigurationIsVisible = 0;
			defaultConfigurationName = Release;
		};
/* End XCConfigurationList section */
	};
	rootObject = 7748D6AE2A5BD8A800ACEFBB /* Project object */;
}
